
Microsoft Visual Studio Solution File, Format Version 12.00
# Visual Studio Version 17
VisualStudioVersion = 17.6.33801.468
MinimumVisualStudioVersion = 10.0.40219.1
Project("{FAE04EC0-301F-11D3-BF4B-00C04F79EFBC}") = "Vet_Clinic", "Vet_Clinic.csproj", "{EAE1CA4D-5D38-4879-815E-9027C1ED21BA}"
EndProject
Global
	GlobalSection(SolutionConfigurationPlatforms) = preSolution
		Debug|Any CPU = Debug|Any CPU
		Release|Any CPU = Release|Any CPU
	EndGlobalSection
	GlobalSection(ProjectConfigurationPlatforms) = postSolution
		{EAE1CA4D-5D38-4879-815E-9027C1ED21BA}.Debug|Any CPU.ActiveCfg = Debug|Any CPU
		{EAE1CA4D-5D38-4879-815E-9027C1ED21BA}.Debug|Any CPU.Build.0 = Debug|Any CPU
		{EAE1CA4D-5D38-4879-815E-9027C1ED21BA}.Release|Any CPU.ActiveCfg = Release|Any CPU
		{EAE1CA4D-5D38-4879-815E-9027C1ED21BA}.Release|Any CPU.Build.0 = Release|Any CPU
	EndGlobalSection
	GlobalSection(SolutionProperties) = preSolution
		HideSolutionNode = FALSE
	EndGlobalSection
	GlobalSection(ExtensibilityGlobals) = postSolution
		SolutionGuid = {617EAE93-2DC9-4006-8C21-0952850F30CF}
	EndGlobalSection
EndGlobal
